<?xml version="1.0" encoding="utf-8"?>
<Project ToolsVersion="4.0" xmlns="http://schemas.microsoft.com/developer/msbuild/2003">
  <ItemGroup>
    <Filter Include="Source Files">
      <UniqueIdentifier>{4FC737F1-C7A5-4376-A066-2A32D752A2FF}</UniqueIdentifier>
      <Extensions>cpp;cxx;c;def</Extensions>
    </Filter>
    <Filter Include="Header Files">
      <UniqueIdentifier>{93995380-89BD-4b04-88EB-625FBE52EBFB}</UniqueIdentifier>
      <Extensions>h</Extensions>
    </Filter>
    <Filter Include="Form Files">
      <UniqueIdentifier>{99349809-55BA-4b9d-BF79-8FDBB0286EB3}</UniqueIdentifier>
      <Extensions>ui</Extensions>
    </Filter>
    <Filter Include="Resource Files">
      <UniqueIdentifier>{D9D6E242-F8AF-46E4-B9FD-80ECBC20BA3E}</UniqueIdentifier>
      <Extensions>qrc;*</Extensions>
      <ParseFiles>false</ParseFiles>
    </Filter>
    <Filter Include="Generated Files">
      <UniqueIdentifier>{71ED8ED8-ACB9-4CE9-BBE1-E00B30144E11}</UniqueIdentifier>
      <Extensions>moc;h;cpp</Extensions>
      <SourceControlFiles>False</SourceControlFiles>
    </Filter>
    <Filter Include="Generated Files\Debug">
      <UniqueIdentifier>{683def06-3acc-46fb-9d5a-559d49dc1b4c}</UniqueIdentifier>
      <Extensions>cpp;moc</Extensions>
      <SourceControlFiles>False</SourceControlFiles>
    </Filter>
    <Filter Include="Generated Files\Release">
      <UniqueIdentifier>{72f60701-f6a0-4980-b0b2-86dbb228b5d0}</UniqueIdentifier>
      <Extensions>cpp;moc</Extensions>
      <SourceControlFiles>False</SourceControlFiles>
    </Filter>
    <Filter Include="Header Files\Simulation">
      <UniqueIdentifier>{251c6126-fe45-4585-8c69-cb6d2b44fb29}</UniqueIdentifier>
    </Filter>
    <Filter Include="Source Files\Simulation">
      <UniqueIdentifier>{f25bd46f-ed98-47fa-8dc6-8e36128bbbee}</UniqueIdentifier>
    </Filter>
    <Filter Include="Header Files\Table">
      <UniqueIdentifier>{0936ab23-fa75-4e6d-8785-f68932e75952}</UniqueIdentifier>
    </Filter>
    <Filter Include="Source Files\Table">
      <UniqueIdentifier>{423f1aa9-5e6f-4913-960e-4a61ce0ec4b7}</UniqueIdentifier>
    </Filter>
    <Filter Include="Header Files\CUDA">
      <UniqueIdentifier>{703bcc9e-821d-4b1c-90a1-ede3f8d461a9}</UniqueIdentifier>
    </Filter>
    <Filter Include="Source Files\CUDA">
      <UniqueIdentifier>{cd114698-4d15-4e3a-a62e-2151a0d2933d}</UniqueIdentifier>
    </Filter>
    <Filter Include="Header Files\Dialog">
      <UniqueIdentifier>{762b316c-6fda-4ea1-928c-41e6066384c8}</UniqueIdentifier>
    </Filter>
    <Filter Include="Source Files\Dialog">
      <UniqueIdentifier>{652e31a0-dd2f-435a-ad95-0a13cfd4a81a}</UniqueIdentifier>
    </Filter>
    <Filter Include="Header Files\object">
      <UniqueIdentifier>{1eb640ee-437f-4b89-9156-b8476c3bcd59}</UniqueIdentifier>
    </Filter>
    <Filter Include="Source Files\object">
      <UniqueIdentifier>{20cb6666-5149-42c6-a65b-7ae8e1bb9e45}</UniqueIdentifier>
    </Filter>
    <Filter Include="Header Files\collision">
      <UniqueIdentifier>{33778785-ecff-41ed-bbe4-983dbab38bdb}</UniqueIdentifier>
    </Filter>
    <Filter Include="Source Files\collision">
      <UniqueIdentifier>{359da694-f6ac-4351-8d4a-cbe5c586f2c3}</UniqueIdentifier>
    </Filter>
    <Filter Include="Header Files\mbd">
      <UniqueIdentifier>{fc50a4eb-069f-4921-95a0-97ef58b07ff2}</UniqueIdentifier>
    </Filter>
    <Filter Include="Source Files\mbd">
      <UniqueIdentifier>{d9783b0b-76d1-48d1-b732-db4c959e0b19}</UniqueIdentifier>
    </Filter>
  </ItemGroup>
  <ItemGroup>
    <ClCompile Include="GeneratedFiles\Debug\moc_parview.cpp">
      <Filter>Generated Files\Debug</Filter>
    </ClCompile>
    <ClCompile Include="GeneratedFiles\Release\moc_parview.cpp">
      <Filter>Generated Files\Release</Filter>
    </ClCompile>
    <ClCompile Include="..\..\common\source\Qt\main.cpp">
      <Filter>Source Files</Filter>
    </ClCompile>
    <ClCompile Include="..\..\common\source\Qt\parview.cpp">
      <Filter>Source Files</Filter>
    </ClCompile>
    <ClCompile Include="..\..\common\source\glwidget.cpp">
      <Filter>Source Files</Filter>
    </ClCompile>
    <ClCompile Include="GeneratedFiles\Debug\moc_glwidget.cpp">
      <Filter>Generated Files\Debug</Filter>
    </ClCompile>
    <ClCompile Include="GeneratedFiles\Release\moc_glwidget.cpp">
      <Filter>Generated Files\Release</Filter>
    </ClCompile>
    <ClCompile Include="..\..\common\source\view_plane.cpp">
      <Filter>Source Files</Filter>
    </ClCompile>
    <ClCompile Include="..\..\common\source\shader.cpp">
      <Filter>Source Files</Filter>
    </ClCompile>
    <ClCompile Include="view_shape.cpp">
      <Filter>Source Files</Filter>
    </ClCompile>
    <ClCompile Include="..\..\common\source\view_mass.cpp">
      <Filter>Source Files</Filter>
    </ClCompile>
    <ClCompile Include="..\..\common\source\view_line.cpp">
      <Filter>Source Files</Filter>
    </ClCompile>
    <ClCompile Include="..\..\common\source\Qt\particleInfoDialog.cpp">
      <Filter>Source Files</Filter>
    </ClCompile>
    <ClCompile Include="GeneratedFiles\Debug\moc_particleInfoDialog.cpp">
      <Filter>Generated Files\Debug</Filter>
    </ClCompile>
    <ClCompile Include="GeneratedFiles\Release\moc_particleInfoDialog.cpp">
      <Filter>Generated Files\Release</Filter>
    </ClCompile>
    <ClCompile Include="..\..\common\source\view_object.cpp">
      <Filter>Source Files</Filter>
    </ClCompile>
    <ClCompile Include="..\..\common\source\view_bondData.cpp">
      <Filter>Source Files</Filter>
    </ClCompile>
    <ClCompile Include="..\..\common\source\contactCoefficientTable.cpp">
      <Filter>Source Files\Table</Filter>
    </ClCompile>
    <ClCompile Include="GeneratedFiles\Debug\moc_contactCoefficientTable.cpp">
      <Filter>Generated Files\Debug</Filter>
    </ClCompile>
    <ClCompile Include="GeneratedFiles\Release\moc_contactCoefficientTable.cpp">
      <Filter>Generated Files\Release</Filter>
    </ClCompile>
    <ClCompile Include="GeneratedFiles\Debug\moc_contactConstant.cpp">
      <Filter>Generated Files\Debug</Filter>
    </ClCompile>
    <ClCompile Include="GeneratedFiles\Release\moc_contactConstant.cpp">
      <Filter>Generated Files\Release</Filter>
    </ClCompile>
    <ClCompile Include="..\..\common\source\contactConstant.cpp">
      <Filter>Source Files</Filter>
    </ClCompile>
    <ClCompile Include="..\..\common\source\modeler.cpp">
      <Filter>Source Files</Filter>
    </ClCompile>
    <ClCompile Include="..\..\common\source\ExportDialog.cpp">
      <Filter>Source Files\Dialog</Filter>
    </ClCompile>
    <ClCompile Include="..\..\common\source\particle_system.cpp">
      <Filter>Source Files</Filter>
    </ClCompile>
    <ClCompile Include="..\..\common\source\object.cpp">
      <Filter>Source Files\object</Filter>
    </ClCompile>
    <ClCompile Include="..\..\common\source\vcube.cpp">
      <Filter>Source Files</Filter>
    </ClCompile>
    <ClCompile Include="..\..\common\source\cubeDialog.cpp">
      <Filter>Source Files\Dialog</Filter>
    </ClCompile>
    <ClCompile Include="..\..\common\source\cube.cpp">
      <Filter>Source Files\object</Filter>
    </ClCompile>
    <ClCompile Include="..\..\common\source\plane.cpp">
      <Filter>Source Files\object</Filter>
    </ClCompile>
    <ClCompile Include="..\..\common\source\collision.cpp">
      <Filter>Source Files\collision</Filter>
    </ClCompile>
    <ClCompile Include="..\..\common\source\collision_particles_particles.cpp">
      <Filter>Source Files\collision</Filter>
    </ClCompile>
    <ClCompile Include="..\..\common\source\collision_particles_plane.cpp">
      <Filter>Source Files\collision</Filter>
    </ClCompile>
    <ClCompile Include="..\..\common\source\grid_base.cpp">
      <Filter>Source Files</Filter>
    </ClCompile>
    <ClCompile Include="..\..\common\source\vcontroller.cpp">
      <Filter>Source Files</Filter>
    </ClCompile>
    <ClCompile Include="..\..\common\source\vobject.cpp">
      <Filter>Source Files</Filter>
    </ClCompile>
    <ClCompile Include="..\..\common\source\vplane.cpp">
      <Filter>Source Files</Filter>
    </ClCompile>
    <ClCompile Include="..\..\common\source\planeDialog.cpp">
      <Filter>Source Files\Dialog</Filter>
    </ClCompile>
    <ClCompile Include="..\..\common\source\vparticles.cpp">
      <Filter>Source Files</Filter>
    </ClCompile>
    <ClCompile Include="..\..\common\source\particleDialog.cpp">
      <Filter>Source Files\Dialog</Filter>
    </ClCompile>
    <ClCompile Include="..\..\common\source\ccDialog.cpp">
      <Filter>Source Files\Dialog</Filter>
    </ClCompile>
    <ClCompile Include="..\..\common\source\solveDialog.cpp">
      <Filter>Source Files\Dialog</Filter>
    </ClCompile>
    <ClCompile Include="..\..\common\source\mintegrator.cpp">
      <Filter>Source Files</Filter>
    </ClCompile>
    <ClCompile Include="..\..\common\source\neighborhood_cell.cpp">
      <Filter>Source Files</Filter>
    </ClCompile>
    <ClCompile Include="..\..\common\source\velocity_verlet.cpp">
      <Filter>Source Files</Filter>
    </ClCompile>
    <ClCompile Include="GeneratedFiles\Debug\moc_msimulation.cpp">
      <Filter>Generated Files\Debug</Filter>
    </ClCompile>
    <ClCompile Include="GeneratedFiles\Release\moc_msimulation.cpp">
      <Filter>Generated Files\Release</Filter>
    </ClCompile>
    <ClCompile Include="..\..\common\source\solveProcess.cpp">
      <Filter>Source Files</Filter>
    </ClCompile>
    <ClCompile Include="GeneratedFiles\Debug\moc_solveProcess.cpp">
      <Filter>Generated Files\Debug</Filter>
    </ClCompile>
    <ClCompile Include="GeneratedFiles\Release\moc_solveProcess.cpp">
      <Filter>Generated Files\Release</Filter>
    </ClCompile>
    <ClCompile Include="..\..\common\source\polygonDialog.cpp">
      <Filter>Source Files\Dialog</Filter>
    </ClCompile>
    <ClCompile Include="..\..\common\source\vpolygon.cpp">
      <Filter>Source Files</Filter>
    </ClCompile>
    <ClCompile Include="..\..\common\source\collision_particles_cube.cpp">
      <Filter>Source Files\collision</Filter>
    </ClCompile>
    <ClCompile Include="..\..\common\source\newDialog.cpp">
      <Filter>Source Files\Dialog</Filter>
    </ClCompile>
    <ClCompile Include="..\..\common\source\mass.cpp">
      <Filter>Source Files\object</Filter>
    </ClCompile>
    <ClCompile Include="..\..\common\source\massDialog.cpp">
      <Filter>Source Files\Dialog</Filter>
    </ClCompile>
    <ClCompile Include="..\..\common\source\dem_simulation.cpp">
      <Filter>Source Files\Simulation</Filter>
    </ClCompile>
    <ClCompile Include="..\..\common\source\msimulation.cpp">
      <Filter>Source Files\Simulation</Filter>
    </ClCompile>
    <ClCompile Include="..\..\common\source\mbd_simulation.cpp">
      <Filter>Source Files\Simulation</Filter>
    </ClCompile>
    <ClCompile Include="..\..\common\source\kinematicConstraint.cpp">
      <Filter>Source Files\mbd</Filter>
    </ClCompile>
    <ClCompile Include="..\..\common\source\revoluteConstratin.cpp">
      <Filter>Source Files\mbd</Filter>
    </ClCompile>
    <ClCompile Include="..\..\common\source\cylinder.cpp">
      <Filter>Source Files\object</Filter>
    </ClCompile>
    <ClCompile Include="..\..\common\source\cylinderDialog.cpp">
      <Filter>Source Files\Dialog</Filter>
    </ClCompile>
    <ClCompile Include="..\..\common\source\vcylinder.cpp">
      <Filter>Source Files</Filter>
    </ClCompile>
    <ClCompile Include="..\..\common\source\collision_particles_cylinder.cpp">
      <Filter>Source Files\collision</Filter>
    </ClCompile>
    <ClCompile Include="..\..\common\source\dembd_simulation.cpp">
      <Filter>Source Files\Simulation</Filter>
    </ClCompile>
    <ClCompile Include="..\..\common\source\polygonObject.cpp">
      <Filter>Source Files\object</Filter>
    </ClCompile>
    <ClCompile Include="..\..\common\source\collision_particles_polygonObject.cpp">
      <Filter>Source Files\collision</Filter>
    </ClCompile>
    <ClCompile Include="..\..\common\source\objProperty.cpp">
      <Filter>Source Files</Filter>
    </ClCompile>
    <ClCompile Include="GeneratedFiles\Debug\moc_objProperty.cpp">
      <Filter>Generated Files\Debug</Filter>
    </ClCompile>
    <ClCompile Include="GeneratedFiles\Release\moc_objProperty.cpp">
      <Filter>Generated Files\Release</Filter>
    </ClCompile>
    <ClCompile Include="GeneratedFiles\qrc_parview.cpp">
      <Filter>Generated Files</Filter>
    </ClCompile>
  </ItemGroup>
  <ItemGroup>
    <CustomBuild Include="..\..\common\inc\Qt\parview.h">
      <Filter>Header Files</Filter>
    </CustomBuild>
    <CustomBuild Include="..\..\common\inc\glwidget.h">
      <Filter>Header Files</Filter>
    </CustomBuild>
    <CustomBuild Include="..\..\common\inc\Qt\particleInfoDialog.h">
      <Filter>Header Files</Filter>
    </CustomBuild>
    <CustomBuild Include="..\..\common\inc\contactCoefficientTable.h">
      <Filter>Header Files\Table</Filter>
    </CustomBuild>
    <CustomBuild Include="..\..\common\inc\contactConstant.h">
      <Filter>Header Files</Filter>
    </CustomBuild>
    <CustomBuild Include="..\..\common\inc\vcube.h">
      <Filter>Header Files</Filter>
    </CustomBuild>
    <CustomBuild Include="..\..\common\inc\vparticles.h">
      <Filter>Header Files</Filter>
    </CustomBuild>
    <CustomBuild Include="..\..\common\inc\solveProcess.h">
      <Filter>Header Files</Filter>
    </CustomBuild>
    <CustomBuild Include="..\..\common\inc\msimulation.h">
      <Filter>Header Files\Simulation</Filter>
    </CustomBuild>
    <CustomBuild Include="..\..\common\inc\objProperty.h">
      <Filter>Header Files</Filter>
    </CustomBuild>
    <CustomBuild Include="newModel.ui">
      <Filter>Form Files</Filter>
    </CustomBuild>
    <CustomBuild Include="objProperty.ui">
      <Filter>Form Files</Filter>
    </CustomBuild>
    <CustomBuild Include="parview.ui">
      <Filter>Form Files</Filter>
    </CustomBuild>
    <CustomBuild Include="parview.qrc">
      <Filter>Resource Files</Filter>
    </CustomBuild>
  </ItemGroup>
  <ItemGroup>
    <ClInclude Include="..\..\common\inc\view_plane.h">
      <Filter>Header Files</Filter>
    </ClInclude>
    <ClInclude Include="..\..\common\inc\shader.h">
      <Filter>Header Files</Filter>
    </ClInclude>
    <ClInclude Include="view_shape.h">
      <Filter>Header Files</Filter>
    </ClInclude>
    <ClInclude Include="..\..\common\inc\view_mass.h">
      <Filter>Header Files</Filter>
    </ClInclude>
    <ClInclude Include="..\..\common\inc\view_line.h">
      <Filter>Header Files</Filter>
    </ClInclude>
    <ClInclude Include="..\..\common\inc\Qt\ui_particleInfoDialog.h">
      <Filter>Generated Files</Filter>
    </ClInclude>
    <ClInclude Include="..\..\common\inc\view_object.h">
      <Filter>Header Files</Filter>
    </ClInclude>
    <ClInclude Include="..\..\common\inc\view_bondData.h">
      <Filter>Header Files</Filter>
    </ClInclude>
    <ClInclude Include="..\..\common\inc\materialLibrary.h">
      <Filter>Header Files</Filter>
    </ClInclude>
    <ClInclude Include="..\..\common\inc\MyTableWidgetItem.h">
      <Filter>Header Files\Table</Filter>
    </ClInclude>
    <ClInclude Include="..\..\common\inc\colors.h">
      <Filter>Header Files</Filter>
    </ClInclude>
    <ClInclude Include="..\..\common\inc\timer.h">
      <Filter>Header Files</Filter>
    </ClInclude>
    <ClInclude Include="..\..\common\inc\modeler.h">
      <Filter>Header Files</Filter>
    </ClInclude>
    <ClInclude Include="..\..\common\inc\mphysics_numeric.h">
      <Filter>Header Files</Filter>
    </ClInclude>
    <ClInclude Include="..\..\common\inc\mphysics_types.h">
      <Filter>Header Files</Filter>
    </ClInclude>
    <ClInclude Include="..\..\common\inc\particle_system.h">
      <Filter>Header Files</Filter>
    </ClInclude>
    <ClInclude Include="..\..\common\inc\msgBox.h">
      <Filter>Header Files</Filter>
    </ClInclude>
    <ClInclude Include="..\..\common\inc\checkFunctions.h">
      <Filter>Header Files</Filter>
    </ClInclude>
    <ClInclude Include="..\..\common\inc\grid_base.h">
      <Filter>Header Files</Filter>
    </ClInclude>
    <ClInclude Include="..\..\common\inc\vobject.h">
      <Filter>Header Files</Filter>
    </ClInclude>
    <ClInclude Include="..\..\common\inc\vcontroller.h">
      <Filter>Header Files</Filter>
    </ClInclude>
    <ClInclude Include="..\..\common\inc\vplane.h">
      <Filter>Header Files</Filter>
    </ClInclude>
    <ClInclude Include="..\..\common\inc\neighborhood_cell.h">
      <Filter>Header Files</Filter>
    </ClInclude>
    <ClInclude Include="..\..\common\inc\mintegrator.h">
      <Filter>Header Files</Filter>
    </ClInclude>
    <ClInclude Include="..\..\common\inc\velocity_verlet.h">
      <Filter>Header Files</Filter>
    </ClInclude>
    <ClInclude Include="..\..\common\inc\vpolygon.h">
      <Filter>Header Files</Filter>
    </ClInclude>
    <ClInclude Include="..\..\common\inc\dem_simulation.h">
      <Filter>Header Files\Simulation</Filter>
    </ClInclude>
    <ClInclude Include="..\..\common\inc\mbd_simulation.h">
      <Filter>Header Files\Simulation</Filter>
    </ClInclude>
    <ClInclude Include="..\..\common\inc\vcylinder.h">
      <Filter>Header Files</Filter>
    </ClInclude>
    <ClInclude Include="..\..\common\inc\dembd_simulation.h">
      <Filter>Header Files\Simulation</Filter>
    </ClInclude>
    <ClInclude Include="..\..\common\inc\vglew.h">
      <Filter>Header Files</Filter>
    </ClInclude>
    <ClInclude Include="GeneratedFiles\ui_newModel.h">
      <Filter>Generated Files</Filter>
    </ClInclude>
    <ClInclude Include="GeneratedFiles\ui_objProperty.h">
      <Filter>Generated Files</Filter>
    </ClInclude>
    <ClInclude Include="GeneratedFiles\ui_parview.h">
      <Filter>Generated Files</Filter>
    </ClInclude>
    <ClInclude Include="..\..\..\include\collision.h">
      <Filter>Header Files\collision</Filter>
    </ClInclude>
    <ClInclude Include="..\..\..\include\collision_particles_cube.h">
      <Filter>Header Files\collision</Filter>
    </ClInclude>
    <ClInclude Include="..\..\..\include\collision_particles_cylinder.h">
      <Filter>Header Files\collision</Filter>
    </ClInclude>
    <ClInclude Include="..\..\..\include\collision_particles_particles.h">
      <Filter>Header Files\collision</Filter>
    </ClInclude>
    <ClInclude Include="..\..\..\include\collision_particles_plane.h">
      <Filter>Header Files\collision</Filter>
    </ClInclude>
    <ClInclude Include="..\..\..\include\collision_particles_polygonObject.h">
      <Filter>Header Files\collision</Filter>
    </ClInclude>
    <ClInclude Include="..\..\..\include\cu_dem_dec.cuh">
      <Filter>Header Files\CUDA</Filter>
    </ClInclude>
    <ClInclude Include="..\..\..\include\cu_dem_impl.cuh">
      <Filter>Header Files\CUDA</Filter>
    </ClInclude>
    <ClInclude Include="..\..\..\include\ccDialog.h">
      <Filter>Header Files\Dialog</Filter>
    </ClInclude>
    <ClInclude Include="..\..\..\include\cubeDialog.h">
      <Filter>Header Files\Dialog</Filter>
    </ClInclude>
    <ClInclude Include="..\..\..\include\cylinderDialog.h">
      <Filter>Header Files\Dialog</Filter>
    </ClInclude>
    <ClInclude Include="..\..\..\include\ExportDialog.h">
      <Filter>Header Files\Dialog</Filter>
    </ClInclude>
    <ClInclude Include="..\..\..\include\massDialog.h">
      <Filter>Header Files\Dialog</Filter>
    </ClInclude>
    <ClInclude Include="..\..\..\include\newDialog.h">
      <Filter>Header Files\Dialog</Filter>
    </ClInclude>
    <ClInclude Include="..\..\..\include\particleDialog.h">
      <Filter>Header Files\Dialog</Filter>
    </ClInclude>
    <ClInclude Include="..\..\..\include\solveDialog.h">
      <Filter>Header Files\Dialog</Filter>
    </ClInclude>
    <ClInclude Include="..\..\..\include\kinematicConstraint.h">
      <Filter>Header Files\mbd</Filter>
    </ClInclude>
    <ClInclude Include="..\..\..\include\revoluteConstraint.h">
      <Filter>Header Files\mbd</Filter>
    </ClInclude>
    <ClInclude Include="..\..\..\include\cube.h">
      <Filter>Header Files\object</Filter>
    </ClInclude>
    <ClInclude Include="..\..\..\include\cylinder.h">
      <Filter>Header Files\object</Filter>
    </ClInclude>
    <ClInclude Include="..\..\..\include\mass.h">
      <Filter>Header Files\object</Filter>
    </ClInclude>
    <ClInclude Include="..\..\..\include\object.h">
      <Filter>Header Files\object</Filter>
    </ClInclude>
    <ClInclude Include="..\..\..\include\plane.h">
      <Filter>Header Files\object</Filter>
    </ClInclude>
    <ClInclude Include="..\..\..\include\polygonObject.h">
      <Filter>Header Files\object</Filter>
    </ClInclude>
  </ItemGroup>
  <ItemGroup>
    <CudaCompile Include="..\..\common\source\mphysics_cuda_def.cu">
      <Filter>Source Files\CUDA</Filter>
    </CudaCompile>
  </ItemGroup>
  <ItemGroup>
    <Image Include="image\ani_fast.png">
      <Filter>Resource Files</Filter>
    </Image>
    <Image Include="image\ani_morefast.png">
      <Filter>Resource Files</Filter>
    </Image>
    <Image Include="image\ani_moreprevious.png">
      <Filter>Resource Files</Filter>
    </Image>
    <Image Include="image\ani_pause.png">
      <Filter>Resource Files</Filter>
    </Image>
    <Image Include="image\ani_play.png">
      <Filter>Resource Files</Filter>
    </Image>
    <Image Include="image\ani_previous.png">
      <Filter>Resource Files</Filter>
    </Image>
    <Image Include="image\new.png">
      <Filter>Resource Files</Filter>
    </Image>
    <Image Include="image\open.png">
      <Filter>Resource Files</Filter>
    </Image>
    <Image Include="image\save.png">
      <Filter>Resource Files</Filter>
    </Image>
    <Image Include="image\open_rt.png">
      <Filter>Resource Files</Filter>
    </Image>
    <Image Include="image\pRec.png">
      <Filter>Resource Files</Filter>
    </Image>
    <Image Include="image\particle.png">
      <Filter>Resource Files</Filter>
    </Image>
    <Image Include="image\solve.png">
      <Filter>Resource Files</Filter>
    </Image>
    <Image Include="image\icLine.png">
      <Filter>Resource Files</Filter>
    </Image>
    <Image Include="image\icRect.png">
      <Filter>Resource Files</Filter>
    </Image>
    <Image Include="image\collision.png">
      <Filter>Resource Files</Filter>
    </Image>
    <Image Include="image\icChangeParticle.png">
      <Filter>Resource Files</Filter>
    </Image>
    <Image Include="image\icPolygon.png">
      <Filter>Resource Files</Filter>
    </Image>
    <Image Include="image\mass.png">
      <Filter>Resource Files</Filter>
    </Image>
    <Image Include="image\cylinder.png">
      <Filter>Resource Files</Filter>
    </Image>
  </ItemGroup>
</Project>