<?xml version="1.0" encoding="utf-8"?>
<Project ToolsVersion="4.0" xmlns="http://schemas.microsoft.com/developer/msbuild/2003">
  <ItemGroup>
    <Filter Include="Source Files">
      <UniqueIdentifier>{4FC737F1-C7A5-4376-A066-2A32D752A2FF}</UniqueIdentifier>
      <Extensions>cpp;cxx;c;def</Extensions>
    </Filter>
    <Filter Include="Header Files">
      <UniqueIdentifier>{93995380-89BD-4b04-88EB-625FBE52EBFB}</UniqueIdentifier>
      <Extensions>h</Extensions>
    </Filter>
    <Filter Include="Form Files">
      <UniqueIdentifier>{99349809-55BA-4b9d-BF79-8FDBB0286EB3}</UniqueIdentifier>
      <Extensions>ui</Extensions>
    </Filter>
    <Filter Include="Resource Files">
      <UniqueIdentifier>{D9D6E242-F8AF-46E4-B9FD-80ECBC20BA3E}</UniqueIdentifier>
      <Extensions>qrc;*</Extensions>
      <ParseFiles>false</ParseFiles>
    </Filter>
    <Filter Include="Generated Files">
      <UniqueIdentifier>{71ED8ED8-ACB9-4CE9-BBE1-E00B30144E11}</UniqueIdentifier>
      <Extensions>moc;h;cpp</Extensions>
      <SourceControlFiles>False</SourceControlFiles>
    </Filter>
    <Filter Include="Generated Files\Debug">
      <UniqueIdentifier>{19887b31-3056-4dad-a989-ebae82f7f9c3}</UniqueIdentifier>
      <Extensions>cpp;moc</Extensions>
      <SourceControlFiles>False</SourceControlFiles>
    </Filter>
    <Filter Include="Generated Files\Release">
      <UniqueIdentifier>{812dc1b8-9d33-44db-b7ef-f377785d1943}</UniqueIdentifier>
      <Extensions>cpp;moc</Extensions>
      <SourceControlFiles>False</SourceControlFiles>
    </Filter>
    <Filter Include="Header Files\collision">
      <UniqueIdentifier>{57490752-342b-4c86-a37e-34c9228afa4e}</UniqueIdentifier>
    </Filter>
    <Filter Include="Header Files\CUDA">
      <UniqueIdentifier>{72b0f25f-c014-40f1-898c-ee6b5873c446}</UniqueIdentifier>
    </Filter>
    <Filter Include="Header Files\dialog">
      <UniqueIdentifier>{3c6eb682-76e3-4d00-a10e-cdae7930109d}</UniqueIdentifier>
    </Filter>
    <Filter Include="Header Files\mbd">
      <UniqueIdentifier>{fd018b35-d911-43d5-8ae6-cbb9a3a28086}</UniqueIdentifier>
    </Filter>
    <Filter Include="Header Files\object">
      <UniqueIdentifier>{8584ccb5-7008-46fe-8d94-908d1ea57789}</UniqueIdentifier>
    </Filter>
    <Filter Include="Header Files\simulation">
      <UniqueIdentifier>{58902fe5-6b34-4152-98df-aed5c524441f}</UniqueIdentifier>
    </Filter>
    <Filter Include="Source Files\collision">
      <UniqueIdentifier>{6f3f16d0-633c-483f-b4b5-bb55ac315b9a}</UniqueIdentifier>
    </Filter>
    <Filter Include="Source Files\CUDA">
      <UniqueIdentifier>{cb1707c4-57ce-49aa-a092-1ee6fd2f1811}</UniqueIdentifier>
    </Filter>
    <Filter Include="Source Files\dialog">
      <UniqueIdentifier>{57be8e71-f26d-44ee-afae-9f4051971038}</UniqueIdentifier>
    </Filter>
    <Filter Include="Source Files\mbd">
      <UniqueIdentifier>{73cd1433-aca8-4a52-a5f3-8146ba9a49ca}</UniqueIdentifier>
    </Filter>
    <Filter Include="Source Files\object">
      <UniqueIdentifier>{6bfa6fb0-1715-47c0-b708-2d53c037d5f0}</UniqueIdentifier>
    </Filter>
    <Filter Include="Source Files\simulation">
      <UniqueIdentifier>{406f0c89-ae62-4f3f-91a8-1c937d05160a}</UniqueIdentifier>
    </Filter>
    <Filter Include="Header Files\table">
      <UniqueIdentifier>{a67d8acf-0f2f-4517-9bdf-062fca48de12}</UniqueIdentifier>
    </Filter>
    <Filter Include="Source Files\table">
      <UniqueIdentifier>{d2437041-6942-44b1-aa2b-f710c7c1f529}</UniqueIdentifier>
    </Filter>
    <Filter Include="Source Files\display">
      <UniqueIdentifier>{6229944c-4757-4f39-a7fb-b71b34a30f33}</UniqueIdentifier>
    </Filter>
    <Filter Include="Header Files\display">
      <UniqueIdentifier>{729d249a-8e8e-4dc1-90a5-ca4bce29f3bd}</UniqueIdentifier>
    </Filter>
    <Filter Include="Header Files\widget">
      <UniqueIdentifier>{7ca6fb4f-23f9-4e7b-9641-8b90fa9a1121}</UniqueIdentifier>
    </Filter>
    <Filter Include="Source Files\widget">
      <UniqueIdentifier>{82792275-e262-435d-84c2-72b01e195dd1}</UniqueIdentifier>
    </Filter>
  </ItemGroup>
  <ItemGroup>
    <ClCompile Include="main.cpp">
      <Filter>Source Files</Filter>
    </ClCompile>
    <ClCompile Include="xdynamics.cpp">
      <Filter>Source Files</Filter>
    </ClCompile>
    <ClCompile Include="GeneratedFiles\Debug\moc_xdynamics.cpp">
      <Filter>Generated Files\Debug</Filter>
    </ClCompile>
    <ClCompile Include="GeneratedFiles\Release\moc_xdynamics.cpp">
      <Filter>Generated Files\Release</Filter>
    </ClCompile>
    <ClCompile Include="GeneratedFiles\qrc_xdynamics.cpp">
      <Filter>Generated Files</Filter>
    </ClCompile>
    <ClCompile Include="GeneratedFiles\Debug\moc_cubeDialog.cpp">
      <Filter>Generated Files\Debug</Filter>
    </ClCompile>
    <ClCompile Include="GeneratedFiles\Release\moc_cubeDialog.cpp">
      <Filter>Generated Files\Release</Filter>
    </ClCompile>
    <ClCompile Include="GeneratedFiles\Debug\moc_cylinderDialog.cpp">
      <Filter>Generated Files\Debug</Filter>
    </ClCompile>
    <ClCompile Include="GeneratedFiles\Release\moc_cylinderDialog.cpp">
      <Filter>Generated Files\Release</Filter>
    </ClCompile>
    <ClCompile Include="GeneratedFiles\Debug\moc_newDialog.cpp">
      <Filter>Generated Files\Debug</Filter>
    </ClCompile>
    <ClCompile Include="GeneratedFiles\Release\moc_newDialog.cpp">
      <Filter>Generated Files\Release</Filter>
    </ClCompile>
    <ClCompile Include="GeneratedFiles\Debug\moc_planeDialog.cpp">
      <Filter>Generated Files\Debug</Filter>
    </ClCompile>
    <ClCompile Include="GeneratedFiles\Release\moc_planeDialog.cpp">
      <Filter>Generated Files\Release</Filter>
    </ClCompile>
    <ClCompile Include="GeneratedFiles\Debug\moc_contactConstant.cpp">
      <Filter>Generated Files\Debug</Filter>
    </ClCompile>
    <ClCompile Include="GeneratedFiles\Release\moc_contactConstant.cpp">
      <Filter>Generated Files\Release</Filter>
    </ClCompile>
    <ClCompile Include="GeneratedFiles\Debug\moc_glwidget.cpp">
      <Filter>Generated Files\Debug</Filter>
    </ClCompile>
    <ClCompile Include="GeneratedFiles\Release\moc_glwidget.cpp">
      <Filter>Generated Files\Release</Filter>
    </ClCompile>
    <ClCompile Include="GeneratedFiles\Debug\moc_solveProcess.cpp">
      <Filter>Generated Files\Debug</Filter>
    </ClCompile>
    <ClCompile Include="GeneratedFiles\Release\moc_solveProcess.cpp">
      <Filter>Generated Files\Release</Filter>
    </ClCompile>
    <ClCompile Include="..\..\..\..\source\collision\collision_particles_cylinder.cpp">
      <Filter>Source Files\collision</Filter>
    </ClCompile>
    <ClCompile Include="..\..\..\..\source\cubeDialog.cpp">
      <Filter>Source Files\dialog</Filter>
    </ClCompile>
    <ClCompile Include="..\..\..\..\source\cylinderDialog.cpp">
      <Filter>Source Files\dialog</Filter>
    </ClCompile>
    <ClCompile Include="..\..\..\..\source\ExportDialog.cpp">
      <Filter>Source Files\dialog</Filter>
    </ClCompile>
    <ClCompile Include="..\..\..\..\source\massDialog.cpp">
      <Filter>Source Files\dialog</Filter>
    </ClCompile>
    <ClCompile Include="..\..\..\..\source\newDialog.cpp">
      <Filter>Source Files\dialog</Filter>
    </ClCompile>
    <ClCompile Include="..\..\..\..\source\particleDialog.cpp">
      <Filter>Source Files\dialog</Filter>
    </ClCompile>
    <ClCompile Include="..\..\..\..\source\planeDialog.cpp">
      <Filter>Source Files\dialog</Filter>
    </ClCompile>
    <ClCompile Include="..\..\..\..\source\polygonDialog.cpp">
      <Filter>Source Files\dialog</Filter>
    </ClCompile>
    <ClCompile Include="..\..\..\..\source\solveDialog.cpp">
      <Filter>Source Files\dialog</Filter>
    </ClCompile>
    <ClCompile Include="..\..\..\..\source\simulation\dem_simulation.cpp">
      <Filter>Source Files\simulation</Filter>
    </ClCompile>
    <ClCompile Include="GeneratedFiles\Debug\moc_contactCoefficientTable.cpp">
      <Filter>Generated Files\Debug</Filter>
    </ClCompile>
    <ClCompile Include="GeneratedFiles\Release\moc_contactCoefficientTable.cpp">
      <Filter>Generated Files\Release</Filter>
    </ClCompile>
    <ClCompile Include="..\..\..\..\source\contactCoefficientTable.cpp">
      <Filter>Source Files\table</Filter>
    </ClCompile>
    <ClCompile Include="..\..\..\..\source\contactConstant.cpp">
      <Filter>Source Files</Filter>
    </ClCompile>
    <ClCompile Include="..\..\..\..\source\grid_base.cpp">
      <Filter>Source Files</Filter>
    </ClCompile>
    <ClCompile Include="..\..\..\..\source\neighborhood_cell.cpp">
      <Filter>Source Files</Filter>
    </ClCompile>
    <ClCompile Include="..\..\..\..\source\objProperty.cpp">
      <Filter>Source Files</Filter>
    </ClCompile>
    <ClCompile Include="..\..\..\..\source\solveProcess.cpp">
      <Filter>Source Files</Filter>
    </ClCompile>
    <ClCompile Include="..\..\..\..\source\velocity_verlet.cpp">
      <Filter>Source Files</Filter>
    </ClCompile>
    <ClCompile Include="..\..\..\..\source\shader.cpp">
      <Filter>Source Files\display</Filter>
    </ClCompile>
    <ClCompile Include="..\..\..\..\source\vcontroller.cpp">
      <Filter>Source Files\display</Filter>
    </ClCompile>
    <ClCompile Include="..\..\..\..\source\vcube.cpp">
      <Filter>Source Files\display</Filter>
    </ClCompile>
    <ClCompile Include="..\..\..\..\source\vcylinder.cpp">
      <Filter>Source Files\display</Filter>
    </ClCompile>
    <ClCompile Include="..\..\..\..\source\vobject.cpp">
      <Filter>Source Files\display</Filter>
    </ClCompile>
    <ClCompile Include="..\..\..\..\source\vparticles.cpp">
      <Filter>Source Files\display</Filter>
    </ClCompile>
    <ClCompile Include="..\..\..\..\source\vplane.cpp">
      <Filter>Source Files\display</Filter>
    </ClCompile>
    <ClCompile Include="..\..\..\..\source\vpolygon.cpp">
      <Filter>Source Files\display</Filter>
    </ClCompile>
    <ClCompile Include="..\..\..\..\source\hmcmDialog.cpp">
      <Filter>Source Files\dialog</Filter>
    </ClCompile>
    <ClCompile Include="..\..\..\..\source\widget\database.cpp">
      <Filter>Source Files</Filter>
    </ClCompile>
    <ClCompile Include="..\..\..\..\source\widget\database.cpp">
      <Filter>Source Files\widget</Filter>
    </ClCompile>
    <ClCompile Include="..\..\..\..\source\particle_cluster.cpp">
      <Filter>Source Files</Filter>
    </ClCompile>
    <ClCompile Include="GeneratedFiles\Debug\moc_database.cpp">
      <Filter>Generated Files\Debug</Filter>
    </ClCompile>
    <ClCompile Include="GeneratedFiles\Release\moc_database.cpp">
      <Filter>Generated Files\Release</Filter>
    </ClCompile>
    <ClCompile Include="..\..\..\..\source\cmdWindow.cpp">
      <Filter>Source Files</Filter>
    </ClCompile>
    <ClCompile Include="GeneratedFiles\Debug\moc_cmdWindow.cpp">
      <Filter>Generated Files\Debug</Filter>
    </ClCompile>
    <ClCompile Include="GeneratedFiles\Release\moc_cmdWindow.cpp">
      <Filter>Generated Files\Release</Filter>
    </ClCompile>
    <ClCompile Include="..\..\..\..\source\dem_integrator.cpp">
      <Filter>Source Files</Filter>
    </ClCompile>
    <ClCompile Include="..\..\..\..\..\share\src\simulation.cpp">
      <Filter>Source Files\simulation</Filter>
    </ClCompile>
    <ClCompile Include="..\..\..\..\source\dem_model.cpp">
      <Filter>Source Files</Filter>
    </ClCompile>
    <ClCompile Include="..\..\..\..\..\share\src\object\cube.cpp">
      <Filter>Source Files\object</Filter>
    </ClCompile>
    <ClCompile Include="..\..\..\..\..\share\src\object\cylinder.cpp">
      <Filter>Source Files\object</Filter>
    </ClCompile>
    <ClCompile Include="..\..\..\..\..\share\src\object\object.cpp">
      <Filter>Source Files\object</Filter>
    </ClCompile>
    <ClCompile Include="..\..\..\..\..\share\src\object\plane.cpp">
      <Filter>Source Files\object</Filter>
    </ClCompile>
    <ClCompile Include="..\..\..\..\..\share\src\object\polygonObject.cpp">
      <Filter>Source Files\object</Filter>
    </ClCompile>
    <ClCompile Include="..\..\..\..\..\share\src\MultibodyDynamics\fixedConstraint.cpp">
      <Filter>Source Files\mbd</Filter>
    </ClCompile>
    <ClCompile Include="..\..\..\..\..\share\src\MultibodyDynamics\kinematicConstraint.cpp">
      <Filter>Source Files\mbd</Filter>
    </ClCompile>
    <ClCompile Include="..\..\..\..\..\share\src\MultibodyDynamics\mbd_model.cpp">
      <Filter>Source Files\mbd</Filter>
    </ClCompile>
    <ClCompile Include="..\..\..\..\..\share\src\MultibodyDynamics\multibodyDynamics.cpp">
      <Filter>Source Files\mbd</Filter>
    </ClCompile>
    <ClCompile Include="..\..\..\..\..\share\src\MultibodyDynamics\pointMass.cpp">
      <Filter>Source Files\mbd</Filter>
    </ClCompile>
    <ClCompile Include="..\..\..\..\..\share\src\MultibodyDynamics\revoluteConstratin.cpp">
      <Filter>Source Files\mbd</Filter>
    </ClCompile>
    <ClCompile Include="..\..\..\..\..\share\src\MultibodyDynamics\rigidBody.cpp">
      <Filter>Source Files\mbd</Filter>
    </ClCompile>
    <ClCompile Include="..\..\..\..\..\share\src\MultibodyDynamics\sphericalConstraint.cpp">
      <Filter>Source Files\mbd</Filter>
    </ClCompile>
    <ClCompile Include="..\..\..\..\..\share\src\MultibodyDynamics\springDamperModel.cpp">
      <Filter>Source Files\mbd</Filter>
    </ClCompile>
    <ClCompile Include="..\..\..\..\..\share\src\MultibodyDynamics\translationalConstraint.cpp">
      <Filter>Source Files\mbd</Filter>
    </ClCompile>
    <ClCompile Include="..\..\..\..\..\share\src\MultibodyDynamics\universalConstraint.cpp">
      <Filter>Source Files\mbd</Filter>
    </ClCompile>
    <ClCompile Include="..\..\..\..\source\glwidget.cpp">
      <Filter>Source Files</Filter>
    </ClCompile>
    <ClCompile Include="..\..\..\..\..\share\src\geometryObjects.cpp">
      <Filter>Source Files</Filter>
    </ClCompile>
    <ClCompile Include="..\..\..\..\..\share\src\modelManager.cpp">
      <Filter>Source Files</Filter>
    </ClCompile>
    <ClCompile Include="..\..\..\..\source\xDynamicsSolver.cpp">
      <Filter>Source Files</Filter>
    </ClCompile>
    <ClCompile Include="..\..\..\..\..\share\src\model.cpp">
      <Filter>Source Files</Filter>
    </ClCompile>
    <ClCompile Include="..\..\..\..\..\share\src\resultStorage.cpp">
      <Filter>Source Files</Filter>
    </ClCompile>
    <ClCompile Include="..\..\..\..\..\share\src\MultibodyDynamics\cableConstraint.cpp">
      <Filter>Source Files\mbd</Filter>
    </ClCompile>
    <ClCompile Include="..\..\..\..\..\share\src\MultibodyDynamics\gearConstraint.cpp">
      <Filter>Source Files\mbd</Filter>
    </ClCompile>
    <ClCompile Include="..\..\..\..\..\share\src\MultibodyDynamics\axialRotationForce.cpp">
      <Filter>Source Files\mbd</Filter>
    </ClCompile>
    <ClCompile Include="..\..\..\..\..\share\src\MultibodyDynamics\forceElement.cpp">
      <Filter>Source Files\mbd</Filter>
    </ClCompile>
    <ClCompile Include="..\..\..\..\..\share\src\colors.cpp">
      <Filter>Source Files</Filter>
    </ClCompile>
    <ClCompile Include="GeneratedFiles\Debug\moc_particleDialog.cpp">
      <Filter>Generated Files\Debug</Filter>
    </ClCompile>
    <ClCompile Include="GeneratedFiles\Release\moc_particleDialog.cpp">
      <Filter>Generated Files\Release</Filter>
    </ClCompile>
    <ClCompile Include="..\..\..\..\source\particleManager.cpp">
      <Filter>Source Files</Filter>
    </ClCompile>
    <ClCompile Include="..\..\..\..\..\share\src\messageBox.cpp">
      <Filter>Source Files</Filter>
    </ClCompile>
    <ClCompile Include="..\..\..\..\source\contactPairDialog.cpp">
      <Filter>Source Files\dialog</Filter>
    </ClCompile>
    <ClCompile Include="..\..\..\..\source\collision\contact.cpp">
      <Filter>Source Files\collision</Filter>
    </ClCompile>
    <ClCompile Include="..\..\..\..\source\collision\contact_particles_cube.cpp">
      <Filter>Source Files\collision</Filter>
    </ClCompile>
    <ClCompile Include="..\..\..\..\source\collision\contact_particles_particles.cpp">
      <Filter>Source Files\collision</Filter>
    </ClCompile>
    <ClCompile Include="..\..\..\..\source\collision\contact_particles_plane.cpp">
      <Filter>Source Files\collision</Filter>
    </ClCompile>
    <ClCompile Include="GeneratedFiles\Debug\moc_contactPairDialog.cpp">
      <Filter>Generated Files\Debug</Filter>
    </ClCompile>
    <ClCompile Include="GeneratedFiles\Release\moc_contactPairDialog.cpp">
      <Filter>Generated Files\Release</Filter>
    </ClCompile>
    <ClCompile Include="GeneratedFiles\Debug\moc_solveDialog.cpp">
      <Filter>Generated Files\Debug</Filter>
    </ClCompile>
    <ClCompile Include="GeneratedFiles\Release\moc_solveDialog.cpp">
      <Filter>Generated Files\Release</Filter>
    </ClCompile>
    <ClCompile Include="..\..\..\..\source\contactManager.cpp">
      <Filter>Source Files</Filter>
    </ClCompile>
    <ClCompile Include="..\..\..\..\..\share\src\errors.cpp">
      <Filter>Source Files</Filter>
    </ClCompile>
    <ClCompile Include="GeneratedFiles\Debug\moc_xDynamicsSolver.cpp">
      <Filter>Generated Files\Debug</Filter>
    </ClCompile>
    <ClCompile Include="GeneratedFiles\Release\moc_xDynamicsSolver.cpp">
      <Filter>Generated Files\Release</Filter>
    </ClCompile>
    <ClCompile Include="..\..\..\..\source\importDialog.cpp">
      <Filter>Source Files\dialog</Filter>
    </ClCompile>
    <ClCompile Include="GeneratedFiles\Debug\moc_importDialog.cpp">
      <Filter>Generated Files\Debug</Filter>
    </ClCompile>
    <ClCompile Include="GeneratedFiles\Release\moc_importDialog.cpp">
      <Filter>Generated Files\Release</Filter>
    </ClCompile>
    <ClCompile Include="..\..\..\..\source\collision\contact_particles_polygonObject.cpp">
      <Filter>Source Files\collision</Filter>
    </ClCompile>
    <ClCompile Include="..\..\..\..\source\contact_particles_polygonObjects.cpp">
      <Filter>Source Files\collision</Filter>
    </ClCompile>
    <ClCompile Include="GeneratedFiles\Debug\moc_preDefinedMBDDialog.cpp">
      <Filter>Generated Files\Debug</Filter>
    </ClCompile>
    <ClCompile Include="GeneratedFiles\Release\moc_preDefinedMBDDialog.cpp">
      <Filter>Generated Files\Release</Filter>
    </ClCompile>
    <ClCompile Include="..\..\..\..\source\preDefinedMBDDialog.cpp">
      <Filter>Source Files\dialog</Filter>
    </ClCompile>
    <ClCompile Include="..\..\..\..\source\vmarker.cpp">
      <Filter>Source Files\display</Filter>
    </ClCompile>
    <ClCompile Include="..\..\..\..\..\share\src\MultibodyDynamics\drivingConstraint.cpp">
      <Filter>Source Files</Filter>
    </ClCompile>
    <ClCompile Include="..\..\..\..\source\contact_plane_polygonObject.cpp">
      <Filter>Source Files\collision</Filter>
    </ClCompile>
    <ClCompile Include="..\..\..\..\source\bodyInfoDialog.cpp">
      <Filter>Source Files\dialog</Filter>
    </ClCompile>
    <ClCompile Include="GeneratedFiles\Debug\moc_bodyInfoDialog.cpp">
      <Filter>Generated Files\Debug</Filter>
    </ClCompile>
    <ClCompile Include="GeneratedFiles\Release\moc_bodyInfoDialog.cpp">
      <Filter>Generated Files\Release</Filter>
    </ClCompile>
    <ClCompile Include="..\..\..\..\source\numeric_utility.cpp">
      <Filter>Source Files</Filter>
    </ClCompile>
  </ItemGroup>
  <ItemGroup>
    <CustomBuild Include="xdynamics.h">
      <Filter>Header Files</Filter>
    </CustomBuild>
    <CustomBuild Include="xdynamics.qrc">
      <Filter>Resource Files</Filter>
    </CustomBuild>
    <CustomBuild Include="newModel.ui">
      <Filter>Form Files</Filter>
    </CustomBuild>
    <CustomBuild Include="objProperty.ui">
      <Filter>Form Files</Filter>
    </CustomBuild>
    <CustomBuild Include="xdynamics.ui">
      <Filter>Form Files</Filter>
    </CustomBuild>
    <CustomBuild Include="..\..\..\..\include\cubeDialog.h">
      <Filter>Header Files\dialog</Filter>
    </CustomBuild>
    <CustomBuild Include="..\..\..\..\include\cylinderDialog.h">
      <Filter>Header Files\dialog</Filter>
    </CustomBuild>
    <CustomBuild Include="..\..\..\..\include\ExportDialog.h">
      <Filter>Header Files\dialog</Filter>
    </CustomBuild>
    <CustomBuild Include="..\..\..\..\include\newDialog.h">
      <Filter>Header Files\dialog</Filter>
    </CustomBuild>
    <CustomBuild Include="..\..\..\..\include\particleDialog.h">
      <Filter>Header Files\dialog</Filter>
    </CustomBuild>
    <CustomBuild Include="..\..\..\..\include\planeDialog.h">
      <Filter>Header Files\dialog</Filter>
    </CustomBuild>
    <CustomBuild Include="..\..\..\..\include\solveDialog.h">
      <Filter>Header Files\dialog</Filter>
    </CustomBuild>
    <CustomBuild Include="..\..\..\..\include\contactConstant.h">
      <Filter>Header Files</Filter>
    </CustomBuild>
    <CustomBuild Include="..\..\..\..\include\objProperty.h">
      <Filter>Header Files</Filter>
    </CustomBuild>
    <CustomBuild Include="..\..\..\..\include\solveProcess.h">
      <Filter>Header Files</Filter>
    </CustomBuild>
    <CustomBuild Include="..\..\..\..\include\contactCoefficientTable.h">
      <Filter>Header Files\table</Filter>
    </CustomBuild>
    <CustomBuild Include="HMCM.ui">
      <Filter>Form Files</Filter>
    </CustomBuild>
    <CustomBuild Include="..\..\..\..\include\hmcmDialog.h">
      <Filter>Header Files\dialog</Filter>
    </CustomBuild>
    <CustomBuild Include="GenParticle.ui">
      <Filter>Form Files</Filter>
    </CustomBuild>
    <CustomBuild Include="..\..\..\..\include\widget\database.h">
      <Filter>Header Files</Filter>
    </CustomBuild>
    <CustomBuild Include="..\..\..\..\include\cmdWindow.h">
      <Filter>Header Files</Filter>
    </CustomBuild>
    <CustomBuild Include="..\..\..\..\include\glwidget.h">
      <Filter>Header Files</Filter>
    </CustomBuild>
    <CustomBuild Include="makeCube.ui">
      <Filter>Form Files</Filter>
    </CustomBuild>
    <CustomBuild Include="makePlane.ui">
      <Filter>Form Files</Filter>
    </CustomBuild>
    <CustomBuild Include="makeParticle.ui">
      <Filter>Form Files</Filter>
    </CustomBuild>
    <CustomBuild Include="contactPair.ui">
      <Filter>Form Files</Filter>
    </CustomBuild>
    <CustomBuild Include="..\..\..\..\include\contactPairDialog.h">
      <Filter>Header Files\dialog</Filter>
    </CustomBuild>
    <CustomBuild Include="solve.ui">
      <Filter>Form Files</Filter>
    </CustomBuild>
    <CustomBuild Include="..\..\..\..\include\xDynamicsSolver.h">
      <Filter>Header Files</Filter>
    </CustomBuild>
    <CustomBuild Include="import.ui">
      <Filter>Form Files</Filter>
    </CustomBuild>
    <CustomBuild Include="..\..\..\..\include\importDialog.h">
      <Filter>Header Files\dialog</Filter>
    </CustomBuild>
    <CustomBuild Include="preDefinedMBD.ui">
      <Filter>Form Files</Filter>
    </CustomBuild>
    <CustomBuild Include="..\..\..\..\include\preDefinedMBDDialog.h">
      <Filter>Header Files\dialog</Filter>
    </CustomBuild>
    <CustomBuild Include="bodyinfo.ui">
      <Filter>Form Files</Filter>
    </CustomBuild>
    <CustomBuild Include="..\..\..\..\include\bodyInfoDialog.h">
      <Filter>Header Files\dialog</Filter>
    </CustomBuild>
  </ItemGroup>
  <ItemGroup>
    <ClInclude Include="GeneratedFiles\ui_newModel.h">
      <Filter>Generated Files</Filter>
    </ClInclude>
    <ClInclude Include="GeneratedFiles\ui_objProperty.h">
      <Filter>Generated Files</Filter>
    </ClInclude>
    <ClInclude Include="GeneratedFiles\ui_xdynamics.h">
      <Filter>Generated Files</Filter>
    </ClInclude>
    <ClInclude Include="..\..\..\..\include\collision_particles_cylinder.h">
      <Filter>Header Files\collision</Filter>
    </ClInclude>
    <ClInclude Include="..\..\..\..\include\simulation\dem_simulation.h">
      <Filter>Header Files\simulation</Filter>
    </ClInclude>
    <ClInclude Include="..\..\..\..\include\checkFunctions.h">
      <Filter>Header Files</Filter>
    </ClInclude>
    <ClInclude Include="..\..\..\..\include\grid_base.h">
      <Filter>Header Files</Filter>
    </ClInclude>
    <ClInclude Include="..\..\..\..\include\materialLibrary.h">
      <Filter>Header Files</Filter>
    </ClInclude>
    <ClInclude Include="..\..\..\..\include\mphysics_numeric.h">
      <Filter>Header Files</Filter>
    </ClInclude>
    <ClInclude Include="..\..\..\..\include\mphysics_types.h">
      <Filter>Header Files</Filter>
    </ClInclude>
    <ClInclude Include="..\..\..\..\include\neighborhood_cell.h">
      <Filter>Header Files</Filter>
    </ClInclude>
    <ClInclude Include="..\..\..\..\include\timer.h">
      <Filter>Header Files</Filter>
    </ClInclude>
    <ClInclude Include="..\..\..\..\include\velocity_verlet.h">
      <Filter>Header Files</Filter>
    </ClInclude>
    <ClInclude Include="..\..\..\..\include\MyTableWidgetItem.h">
      <Filter>Header Files\table</Filter>
    </ClInclude>
    <ClInclude Include="..\..\..\..\include\mphysics_cuda_dec.cuh">
      <Filter>Header Files\CUDA</Filter>
    </ClInclude>
    <ClInclude Include="..\..\..\..\include\mphysics_cuda_impl.cuh">
      <Filter>Header Files\CUDA</Filter>
    </ClInclude>
    <ClInclude Include="..\..\..\..\include\vobject.h">
      <Filter>Header Files\display</Filter>
    </ClInclude>
    <ClInclude Include="..\..\..\..\include\vparticles.h">
      <Filter>Header Files\display</Filter>
    </ClInclude>
    <ClInclude Include="..\..\..\..\include\vplane.h">
      <Filter>Header Files\display</Filter>
    </ClInclude>
    <ClInclude Include="..\..\..\..\include\vpolygon.h">
      <Filter>Header Files\display</Filter>
    </ClInclude>
    <ClInclude Include="..\..\..\..\include\vglew.h">
      <Filter>Header Files\display</Filter>
    </ClInclude>
    <ClInclude Include="..\..\..\..\include\vcube.h">
      <Filter>Header Files\display</Filter>
    </ClInclude>
    <ClInclude Include="..\..\..\..\include\vcontroller.h">
      <Filter>Header Files\display</Filter>
    </ClInclude>
    <ClInclude Include="..\..\..\..\include\shader.h">
      <Filter>Header Files\display</Filter>
    </ClInclude>
    <ClInclude Include="GeneratedFiles\ui_HMCM.h">
      <Filter>Generated Files</Filter>
    </ClInclude>
    <ClInclude Include="GeneratedFiles\ui_GenParticle.h">
      <Filter>Generated Files</Filter>
    </ClInclude>
    <ClInclude Include="..\..\..\..\include\particle_cluster.h">
      <Filter>Header Files</Filter>
    </ClInclude>
    <ClInclude Include="..\..\..\..\include\vcylinder.h">
      <Filter>Header Files\display</Filter>
    </ClInclude>
    <ClInclude Include="..\..\..\..\include\dem_integrator.h">
      <Filter>Header Files</Filter>
    </ClInclude>
    <ClInclude Include="..\..\..\..\..\share\inc\simulation.h">
      <Filter>Header Files\simulation</Filter>
    </ClInclude>
    <ClInclude Include="..\..\..\..\..\share\inc\model.h">
      <Filter>Header Files</Filter>
    </ClInclude>
    <ClInclude Include="..\..\..\..\include\dem_model.h">
      <Filter>Header Files</Filter>
    </ClInclude>
    <ClInclude Include="..\..\..\..\..\share\inc\types.h">
      <Filter>Header Files</Filter>
    </ClInclude>
    <ClInclude Include="..\..\..\..\..\share\inc\geometryObjects.h">
      <Filter>Header Files</Filter>
    </ClInclude>
    <ClInclude Include="..\..\..\..\..\share\inc\object\cube.h">
      <Filter>Header Files\object</Filter>
    </ClInclude>
    <ClInclude Include="..\..\..\..\..\share\inc\object\cylinder.h">
      <Filter>Header Files\object</Filter>
    </ClInclude>
    <ClInclude Include="..\..\..\..\..\share\inc\object\object.h">
      <Filter>Header Files\object</Filter>
    </ClInclude>
    <ClInclude Include="..\..\..\..\..\share\inc\object\plane.h">
      <Filter>Header Files\object</Filter>
    </ClInclude>
    <ClInclude Include="..\..\..\..\..\share\inc\object\polygonObject.h">
      <Filter>Header Files\object</Filter>
    </ClInclude>
    <ClInclude Include="..\..\..\..\..\share\inc\MultibodyDynamics\fixedConstraint.h">
      <Filter>Header Files\mbd</Filter>
    </ClInclude>
    <ClInclude Include="..\..\..\..\..\share\inc\MultibodyDynamics\kinematicConstraint.h">
      <Filter>Header Files\mbd</Filter>
    </ClInclude>
    <ClInclude Include="..\..\..\..\..\share\inc\MultibodyDynamics\mbd_model.h">
      <Filter>Header Files\mbd</Filter>
    </ClInclude>
    <ClInclude Include="..\..\..\..\..\share\inc\MultibodyDynamics\multibodyDynamics.h">
      <Filter>Header Files\mbd</Filter>
    </ClInclude>
    <ClInclude Include="..\..\..\..\..\share\inc\MultibodyDynamics\pointMass.h">
      <Filter>Header Files\mbd</Filter>
    </ClInclude>
    <ClInclude Include="..\..\..\..\..\share\inc\MultibodyDynamics\revoluteConstraint.h">
      <Filter>Header Files\mbd</Filter>
    </ClInclude>
    <ClInclude Include="..\..\..\..\..\share\inc\MultibodyDynamics\rigidBody.h">
      <Filter>Header Files\mbd</Filter>
    </ClInclude>
    <ClInclude Include="..\..\..\..\..\share\inc\MultibodyDynamics\sphericalConstraint.h">
      <Filter>Header Files\mbd</Filter>
    </ClInclude>
    <ClInclude Include="..\..\..\..\..\share\inc\MultibodyDynamics\springDamperModel.h">
      <Filter>Header Files\mbd</Filter>
    </ClInclude>
    <ClInclude Include="..\..\..\..\..\share\inc\MultibodyDynamics\translationalConstraint.h">
      <Filter>Header Files\mbd</Filter>
    </ClInclude>
    <ClInclude Include="..\..\..\..\..\share\inc\MultibodyDynamics\universalConstraint.h">
      <Filter>Header Files\mbd</Filter>
    </ClInclude>
    <ClInclude Include="..\..\..\..\..\share\inc\colors.h">
      <Filter>Header Files</Filter>
    </ClInclude>
    <ClInclude Include="GeneratedFiles\ui_makeCube.h">
      <Filter>Generated Files</Filter>
    </ClInclude>
    <ClInclude Include="GeneratedFiles\ui_makePlane.h">
      <Filter>Generated Files</Filter>
    </ClInclude>
    <ClInclude Include="..\..\..\..\..\share\inc\Objects.h">
      <Filter>Header Files</Filter>
    </ClInclude>
    <ClInclude Include="..\..\..\..\..\share\inc\modelManager.h">
      <Filter>Header Files</Filter>
    </ClInclude>
    <ClInclude Include="..\..\..\..\include\particleManager.h">
      <Filter>Header Files</Filter>
    </ClInclude>
    <ClInclude Include="..\..\..\..\..\share\inc\resultStorage.h">
      <Filter>Header Files</Filter>
    </ClInclude>
    <ClInclude Include="..\..\..\..\..\share\inc\MultibodyDynamics\cableConstraint.h">
      <Filter>Header Files\mbd</Filter>
    </ClInclude>
    <ClInclude Include="..\..\..\..\..\share\inc\MultibodyDynamics\axialRotationForce.h">
      <Filter>Header Files\mbd</Filter>
    </ClInclude>
    <ClInclude Include="..\..\..\..\..\share\inc\MultibodyDynamics\gearConstraint.h">
      <Filter>Header Files\mbd</Filter>
    </ClInclude>
    <ClInclude Include="..\..\..\..\..\share\inc\MultibodyDynamics\forceElement.h">
      <Filter>Header Files\mbd</Filter>
    </ClInclude>
    <ClInclude Include="GeneratedFiles\ui_makeParticle.h">
      <Filter>Generated Files</Filter>
    </ClInclude>
    <ClInclude Include="..\..\..\..\..\share\inc\dialogs.h">
      <Filter>Header Files</Filter>
    </ClInclude>
    <ClInclude Include="..\..\..\..\..\share\inc\messageBox.h">
      <Filter>Header Files</Filter>
    </ClInclude>
    <ClInclude Include="..\..\..\..\include\contact.h">
      <Filter>Header Files\collision</Filter>
    </ClInclude>
    <ClInclude Include="..\..\..\..\include\contact_particles_cube.h">
      <Filter>Header Files\collision</Filter>
    </ClInclude>
    <ClInclude Include="..\..\..\..\include\contact_particles_particles.h">
      <Filter>Header Files\collision</Filter>
    </ClInclude>
    <ClInclude Include="..\..\..\..\include\contact_particles_plane.h">
      <Filter>Header Files\collision</Filter>
    </ClInclude>
    <ClInclude Include="GeneratedFiles\ui_solve.h">
      <Filter>Generated Files</Filter>
    </ClInclude>
    <ClInclude Include="..\..\..\..\include\contactManager.h">
      <Filter>Header Files</Filter>
    </ClInclude>
    <ClInclude Include="..\..\..\..\..\share\inc\errors.h">
      <Filter>Header Files</Filter>
    </ClInclude>
    <ClInclude Include="GeneratedFiles\ui_import.h">
      <Filter>Generated Files</Filter>
    </ClInclude>
    <ClInclude Include="..\..\..\..\include\contact_particles_polygonObject.h">
      <Filter>Header Files\collision</Filter>
    </ClInclude>
    <ClInclude Include="..\..\..\..\include\contact_particles_polygonObjects.h">
      <Filter>Header Files\collision</Filter>
    </ClInclude>
    <ClInclude Include="..\..\..\..\include\FullCarModel.hpp">
      <Filter>Header Files\mbd</Filter>
    </ClInclude>
    <ClInclude Include="GeneratedFiles\ui_preDefinedMBD.h">
      <Filter>Generated Files</Filter>
    </ClInclude>
    <ClInclude Include="..\..\..\..\..\share\src\MultibodyDynamics\SliderCrank3D.hpp">
      <Filter>Header Files\mbd</Filter>
    </ClInclude>
    <ClInclude Include="..\..\..\..\include\vmarker.h">
      <Filter>Header Files\display</Filter>
    </ClInclude>
    <ClInclude Include="..\..\..\..\..\share\inc\MultibodyDynamics\axialTranslationForce.h">
      <Filter>Header Files</Filter>
    </ClInclude>
    <ClInclude Include="..\..\..\..\..\share\inc\MultibodyDynamics\drivingConstraint.h">
      <Filter>Header Files</Filter>
    </ClInclude>
    <ClInclude Include="..\..\..\..\include\contact_plane_polygonObject.h">
      <Filter>Header Files\collision</Filter>
    </ClInclude>
    <ClInclude Include="GeneratedFiles\ui_bodyinfo.h">
      <Filter>Generated Files</Filter>
    </ClInclude>
    <ClInclude Include="헤더.h">
      <Filter>Source Files\dialog</Filter>
    </ClInclude>
    <ClInclude Include="..\..\..\..\include\dialogs.h">
      <Filter>Header Files\dialog</Filter>
    </ClInclude>
    <ClInclude Include="GeneratedFiles\ui_contactPair.h">
      <Filter>Generated Files</Filter>
    </ClInclude>
    <ClInclude Include="..\..\..\..\include\numeric_utility.h">
      <Filter>Header Files</Filter>
    </ClInclude>
    <ClInclude Include="..\..\..\..\include\contactPair.h">
      <Filter>Header Files\collision</Filter>
    </ClInclude>
  </ItemGroup>
  <ItemGroup>
    <CudaCompile Include="..\..\..\..\source\mphysics_cuda_def.cu">
      <Filter>Source Files\CUDA</Filter>
    </CudaCompile>
  </ItemGroup>
</Project>